
Microsoft Visual Studio Solution File, Format Version 12.00
# Visual Studio Version 17
Project("{2150E333-8FDC-42A3-9474-1A3956D46DE8}") = "CMakePredefinedTargets", "CMakePredefinedTargets", "{94151985-6D4E-35FD-9F97-CA0BDE6F31A5}"
EndProject
Project("{2150E333-8FDC-42A3-9474-1A3956D46DE8}") = "exts", "exts", "{09116CB7-821A-3AF9-929E-DEF2B2772810}"
EndProject
Project("{2150E333-8FDC-42A3-9474-1A3956D46DE8}") = "glew", "exts\glew", "{F57F6194-F4A8-365F-B322-27B0CB17CCC8}"
EndProject
Project("{8BC9CEB8-8B4A-11D0-8D11-00A0C91BC942}") = "ALL_BUILD", "ALL_BUILD.vcxproj", "{C1E91A87-86BB-34CA-B7B8-10DF57267095}"
	ProjectSection(ProjectDependencies) = postProject
		{00EB7C57-9C26-3E90-A4AA-68B182F4BA63} = {00EB7C57-9C26-3E90-A4AA-68B182F4BA63}
		{0773A7F7-D91A-3EB3-A4A9-D4E04B624C8D} = {0773A7F7-D91A-3EB3-A4A9-D4E04B624C8D}
	EndProjectSection
EndProject
Project("{8BC9CEB8-8B4A-11D0-8D11-00A0C91BC942}") = "INSTALL", "INSTALL.vcxproj", "{94E76B28-881A-321E-AD41-9E5572B34D10}"
	ProjectSection(ProjectDependencies) = postProject
		{C1E91A87-86BB-34CA-B7B8-10DF57267095} = {C1E91A87-86BB-34CA-B7B8-10DF57267095}
		{00EB7C57-9C26-3E90-A4AA-68B182F4BA63} = {00EB7C57-9C26-3E90-A4AA-68B182F4BA63}
	EndProjectSection
EndProject
Project("{8BC9CEB8-8B4A-11D0-8D11-00A0C91BC942}") = "ZERO_CHECK", "..\..\\ZERO_CHECK.vcxproj", "{00EB7C57-9C26-3E90-A4AA-68B182F4BA63}"
	ProjectSection(ProjectDependencies) = postProject
	EndProjectSection
EndProject
Project("{8BC9CEB8-8B4A-11D0-8D11-00A0C91BC942}") = "glew", "glew.vcxproj", "{0773A7F7-D91A-3EB3-A4A9-D4E04B624C8D}"
	ProjectSection(ProjectDependencies) = postProject
		{00EB7C57-9C26-3E90-A4AA-68B182F4BA63} = {00EB7C57-9C26-3E90-A4AA-68B182F4BA63}
	EndProjectSection
EndProject
Global
	GlobalSection(SolutionConfigurationPlatforms) = preSolution
		Debug|x64 = Debug|x64
		Release|x64 = Release|x64
		MinSizeRel|x64 = MinSizeRel|x64
		RelWithDebInfo|x64 = RelWithDebInfo|x64
	EndGlobalSection
	GlobalSection(ProjectConfigurationPlatforms) = postSolution
		{C1E91A87-86BB-34CA-B7B8-10DF57267095}.Debug|x64.ActiveCfg = Debug|x64
		{C1E91A87-86BB-34CA-B7B8-10DF57267095}.Debug|x64.Build.0 = Debug|x64
		{C1E91A87-86BB-34CA-B7B8-10DF57267095}.Release|x64.ActiveCfg = Release|x64
		{C1E91A87-86BB-34CA-B7B8-10DF57267095}.Release|x64.Build.0 = Release|x64
		{C1E91A87-86BB-34CA-B7B8-10DF57267095}.MinSizeRel|x64.ActiveCfg = MinSizeRel|x64
		{C1E91A87-86BB-34CA-B7B8-10DF57267095}.MinSizeRel|x64.Build.0 = MinSizeRel|x64
		{C1E91A87-86BB-34CA-B7B8-10DF57267095}.RelWithDebInfo|x64.ActiveCfg = RelWithDebInfo|x64
		{C1E91A87-86BB-34CA-B7B8-10DF57267095}.RelWithDebInfo|x64.Build.0 = RelWithDebInfo|x64
		{94E76B28-881A-321E-AD41-9E5572B34D10}.Debug|x64.ActiveCfg = Debug|x64
		{94E76B28-881A-321E-AD41-9E5572B34D10}.Release|x64.ActiveCfg = Release|x64
		{94E76B28-881A-321E-AD41-9E5572B34D10}.MinSizeRel|x64.ActiveCfg = MinSizeRel|x64
		{94E76B28-881A-321E-AD41-9E5572B34D10}.RelWithDebInfo|x64.ActiveCfg = RelWithDebInfo|x64
		{00EB7C57-9C26-3E90-A4AA-68B182F4BA63}.Debug|x64.ActiveCfg = Debug|x64
		{00EB7C57-9C26-3E90-A4AA-68B182F4BA63}.Debug|x64.Build.0 = Debug|x64
		{00EB7C57-9C26-3E90-A4AA-68B182F4BA63}.Release|x64.ActiveCfg = Release|x64
		{00EB7C57-9C26-3E90-A4AA-68B182F4BA63}.Release|x64.Build.0 = Release|x64
		{00EB7C57-9C26-3E90-A4AA-68B182F4BA63}.MinSizeRel|x64.ActiveCfg = MinSizeRel|x64
		{00EB7C57-9C26-3E90-A4AA-68B182F4BA63}.MinSizeRel|x64.Build.0 = MinSizeRel|x64
		{00EB7C57-9C26-3E90-A4AA-68B182F4BA63}.RelWithDebInfo|x64.ActiveCfg = RelWithDebInfo|x64
		{00EB7C57-9C26-3E90-A4AA-68B182F4BA63}.RelWithDebInfo|x64.Build.0 = RelWithDebInfo|x64
		{0773A7F7-D91A-3EB3-A4A9-D4E04B624C8D}.Debug|x64.ActiveCfg = Debug|x64
		{0773A7F7-D91A-3EB3-A4A9-D4E04B624C8D}.Debug|x64.Build.0 = Debug|x64
		{0773A7F7-D91A-3EB3-A4A9-D4E04B624C8D}.Release|x64.ActiveCfg = Release|x64
		{0773A7F7-D91A-3EB3-A4A9-D4E04B624C8D}.Release|x64.Build.0 = Release|x64
		{0773A7F7-D91A-3EB3-A4A9-D4E04B624C8D}.MinSizeRel|x64.ActiveCfg = MinSizeRel|x64
		{0773A7F7-D91A-3EB3-A4A9-D4E04B624C8D}.MinSizeRel|x64.Build.0 = MinSizeRel|x64
		{0773A7F7-D91A-3EB3-A4A9-D4E04B624C8D}.RelWithDebInfo|x64.ActiveCfg = RelWithDebInfo|x64
		{0773A7F7-D91A-3EB3-A4A9-D4E04B624C8D}.RelWithDebInfo|x64.Build.0 = RelWithDebInfo|x64
	EndGlobalSection
	GlobalSection(NestedProjects) = preSolution
		{C1E91A87-86BB-34CA-B7B8-10DF57267095} = {94151985-6D4E-35FD-9F97-CA0BDE6F31A5}
		{94E76B28-881A-321E-AD41-9E5572B34D10} = {94151985-6D4E-35FD-9F97-CA0BDE6F31A5}
		{00EB7C57-9C26-3E90-A4AA-68B182F4BA63} = {94151985-6D4E-35FD-9F97-CA0BDE6F31A5}
		{F57F6194-F4A8-365F-B322-27B0CB17CCC8} = {09116CB7-821A-3AF9-929E-DEF2B2772810}
		{0773A7F7-D91A-3EB3-A4A9-D4E04B624C8D} = {F57F6194-F4A8-365F-B322-27B0CB17CCC8}
	EndGlobalSection
	GlobalSection(ExtensibilityGlobals) = postSolution
		SolutionGuid = {14E7EE12-7257-35C6-A6ED-9D2E248F8C48}
	EndGlobalSection
	GlobalSection(ExtensibilityAddIns) = postSolution
	EndGlobalSection
EndGlobal
