<?xml version="1.0" encoding="utf-8"?>
<Project ToolsVersion="17.0" xmlns="http://schemas.microsoft.com/developer/msbuild/2003">
  <ItemGroup>
    <CustomBuild Include="C:\Users\bjmall-3-local\Documents\GitHub\s0011e-game-engine-Bjornmalmgren\engine-lab-env-main\CMakeFiles\04de1164ccc44d1d1ab3c7bc47e7e14d\INSTALL_force.rule">
      <Filter>CMake Rules</Filter>
    </CustomBuild>
  </ItemGroup>
  <ItemGroup>
    <Filter Include="CMake Rules">
      <UniqueIdentifier>{11614C75-2642-34F1-9DA7-F738BD12E116}</UniqueIdentifier>
    </Filter>
  </ItemGroup>
</Project>
