
Microsoft Visual Studio Solution File, Format Version 12.00
# Visual Studio Version 17
Project("{2150E333-8FDC-42A3-9474-1A3956D46DE8}") = "CMakePredefinedTargets", "CMakePredefinedTargets", "{74BFEC36-B80A-39B9-875F-993B91FD5E9D}"
EndProject
Project("{2150E333-8FDC-42A3-9474-1A3956D46DE8}") = "exts", "exts", "{BC82374F-3A3C-38BA-A788-32F39225F71F}"
EndProject
Project("{2150E333-8FDC-42A3-9474-1A3956D46DE8}") = "soloud", "exts\soloud", "{E765608E-AD61-331D-9202-CE484CC57F15}"
EndProject
Project("{8BC9CEB8-8B4A-11D0-8D11-00A0C91BC942}") = "ALL_BUILD", "ALL_BUILD.vcxproj", "{6F41A4AB-4FDD-36BF-8670-04CAE9EFE65B}"
	ProjectSection(ProjectDependencies) = postProject
		{3A5DEFAA-E32C-3C7F-98DD-E89841FF2E0E} = {3A5DEFAA-E32C-3C7F-98DD-E89841FF2E0E}
		{6F2FC0A3-5C4B-3B52-B2C2-EB3FF6923F50} = {6F2FC0A3-5C4B-3B52-B2C2-EB3FF6923F50}
	EndProjectSection
EndProject
Project("{8BC9CEB8-8B4A-11D0-8D11-00A0C91BC942}") = "INSTALL", "INSTALL.vcxproj", "{679D3BAB-5390-30DB-90FB-BEA2C79CC27E}"
	ProjectSection(ProjectDependencies) = postProject
		{6F41A4AB-4FDD-36BF-8670-04CAE9EFE65B} = {6F41A4AB-4FDD-36BF-8670-04CAE9EFE65B}
		{3A5DEFAA-E32C-3C7F-98DD-E89841FF2E0E} = {3A5DEFAA-E32C-3C7F-98DD-E89841FF2E0E}
	EndProjectSection
EndProject
Project("{8BC9CEB8-8B4A-11D0-8D11-00A0C91BC942}") = "ZERO_CHECK", "..\..\..\\ZERO_CHECK.vcxproj", "{3A5DEFAA-E32C-3C7F-98DD-E89841FF2E0E}"
	ProjectSection(ProjectDependencies) = postProject
	EndProjectSection
EndProject
Project("{8BC9CEB8-8B4A-11D0-8D11-00A0C91BC942}") = "soloud", "soloud.vcxproj", "{6F2FC0A3-5C4B-3B52-B2C2-EB3FF6923F50}"
	ProjectSection(ProjectDependencies) = postProject
		{3A5DEFAA-E32C-3C7F-98DD-E89841FF2E0E} = {3A5DEFAA-E32C-3C7F-98DD-E89841FF2E0E}
	EndProjectSection
EndProject
Global
	GlobalSection(SolutionConfigurationPlatforms) = preSolution
		Debug|x64 = Debug|x64
		Release|x64 = Release|x64
		MinSizeRel|x64 = MinSizeRel|x64
		RelWithDebInfo|x64 = RelWithDebInfo|x64
	EndGlobalSection
	GlobalSection(ProjectConfigurationPlatforms) = postSolution
		{6F41A4AB-4FDD-36BF-8670-04CAE9EFE65B}.Debug|x64.ActiveCfg = Debug|x64
		{6F41A4AB-4FDD-36BF-8670-04CAE9EFE65B}.Debug|x64.Build.0 = Debug|x64
		{6F41A4AB-4FDD-36BF-8670-04CAE9EFE65B}.Release|x64.ActiveCfg = Release|x64
		{6F41A4AB-4FDD-36BF-8670-04CAE9EFE65B}.Release|x64.Build.0 = Release|x64
		{6F41A4AB-4FDD-36BF-8670-04CAE9EFE65B}.MinSizeRel|x64.ActiveCfg = MinSizeRel|x64
		{6F41A4AB-4FDD-36BF-8670-04CAE9EFE65B}.MinSizeRel|x64.Build.0 = MinSizeRel|x64
		{6F41A4AB-4FDD-36BF-8670-04CAE9EFE65B}.RelWithDebInfo|x64.ActiveCfg = RelWithDebInfo|x64
		{6F41A4AB-4FDD-36BF-8670-04CAE9EFE65B}.RelWithDebInfo|x64.Build.0 = RelWithDebInfo|x64
		{679D3BAB-5390-30DB-90FB-BEA2C79CC27E}.Debug|x64.ActiveCfg = Debug|x64
		{679D3BAB-5390-30DB-90FB-BEA2C79CC27E}.Release|x64.ActiveCfg = Release|x64
		{679D3BAB-5390-30DB-90FB-BEA2C79CC27E}.MinSizeRel|x64.ActiveCfg = MinSizeRel|x64
		{679D3BAB-5390-30DB-90FB-BEA2C79CC27E}.RelWithDebInfo|x64.ActiveCfg = RelWithDebInfo|x64
		{3A5DEFAA-E32C-3C7F-98DD-E89841FF2E0E}.Debug|x64.ActiveCfg = Debug|x64
		{3A5DEFAA-E32C-3C7F-98DD-E89841FF2E0E}.Debug|x64.Build.0 = Debug|x64
		{3A5DEFAA-E32C-3C7F-98DD-E89841FF2E0E}.Release|x64.ActiveCfg = Release|x64
		{3A5DEFAA-E32C-3C7F-98DD-E89841FF2E0E}.Release|x64.Build.0 = Release|x64
		{3A5DEFAA-E32C-3C7F-98DD-E89841FF2E0E}.MinSizeRel|x64.ActiveCfg = MinSizeRel|x64
		{3A5DEFAA-E32C-3C7F-98DD-E89841FF2E0E}.MinSizeRel|x64.Build.0 = MinSizeRel|x64
		{3A5DEFAA-E32C-3C7F-98DD-E89841FF2E0E}.RelWithDebInfo|x64.ActiveCfg = RelWithDebInfo|x64
		{3A5DEFAA-E32C-3C7F-98DD-E89841FF2E0E}.RelWithDebInfo|x64.Build.0 = RelWithDebInfo|x64
		{6F2FC0A3-5C4B-3B52-B2C2-EB3FF6923F50}.Debug|x64.ActiveCfg = Debug|x64
		{6F2FC0A3-5C4B-3B52-B2C2-EB3FF6923F50}.Debug|x64.Build.0 = Debug|x64
		{6F2FC0A3-5C4B-3B52-B2C2-EB3FF6923F50}.Release|x64.ActiveCfg = Release|x64
		{6F2FC0A3-5C4B-3B52-B2C2-EB3FF6923F50}.Release|x64.Build.0 = Release|x64
		{6F2FC0A3-5C4B-3B52-B2C2-EB3FF6923F50}.MinSizeRel|x64.ActiveCfg = MinSizeRel|x64
		{6F2FC0A3-5C4B-3B52-B2C2-EB3FF6923F50}.MinSizeRel|x64.Build.0 = MinSizeRel|x64
		{6F2FC0A3-5C4B-3B52-B2C2-EB3FF6923F50}.RelWithDebInfo|x64.ActiveCfg = RelWithDebInfo|x64
		{6F2FC0A3-5C4B-3B52-B2C2-EB3FF6923F50}.RelWithDebInfo|x64.Build.0 = RelWithDebInfo|x64
	EndGlobalSection
	GlobalSection(NestedProjects) = preSolution
		{6F41A4AB-4FDD-36BF-8670-04CAE9EFE65B} = {74BFEC36-B80A-39B9-875F-993B91FD5E9D}
		{679D3BAB-5390-30DB-90FB-BEA2C79CC27E} = {74BFEC36-B80A-39B9-875F-993B91FD5E9D}
		{3A5DEFAA-E32C-3C7F-98DD-E89841FF2E0E} = {74BFEC36-B80A-39B9-875F-993B91FD5E9D}
		{E765608E-AD61-331D-9202-CE484CC57F15} = {BC82374F-3A3C-38BA-A788-32F39225F71F}
		{6F2FC0A3-5C4B-3B52-B2C2-EB3FF6923F50} = {E765608E-AD61-331D-9202-CE484CC57F15}
	EndGlobalSection
	GlobalSection(ExtensibilityGlobals) = postSolution
		SolutionGuid = {4578A768-8054-3488-8968-028403A44208}
	EndGlobalSection
	GlobalSection(ExtensibilityAddIns) = postSolution
	EndGlobalSection
EndGlobal
