<?xml version="1.0" encoding="utf-8"?>
<Project ToolsVersion="17.0" xmlns="http://schemas.microsoft.com/developer/msbuild/2003">
  <ItemGroup>
    <ClCompile Include="C:\Users\bjmall-3-local\Documents\GitHub\s0011e-game-engine-Bjornmalmgren\engine-lab-env-main\exts\enet\callbacks.c">
      <Filter>source</Filter>
    </ClCompile>
    <ClCompile Include="C:\Users\bjmall-3-local\Documents\GitHub\s0011e-game-engine-Bjornmalmgren\engine-lab-env-main\exts\enet\compress.c">
      <Filter>source</Filter>
    </ClCompile>
    <ClCompile Include="C:\Users\bjmall-3-local\Documents\GitHub\s0011e-game-engine-Bjornmalmgren\engine-lab-env-main\exts\enet\host.c">
      <Filter>source</Filter>
    </ClCompile>
    <ClCompile Include="C:\Users\bjmall-3-local\Documents\GitHub\s0011e-game-engine-Bjornmalmgren\engine-lab-env-main\exts\enet\list.c">
      <Filter>source</Filter>
    </ClCompile>
    <ClCompile Include="C:\Users\bjmall-3-local\Documents\GitHub\s0011e-game-engine-Bjornmalmgren\engine-lab-env-main\exts\enet\packet.c">
      <Filter>source</Filter>
    </ClCompile>
    <ClCompile Include="C:\Users\bjmall-3-local\Documents\GitHub\s0011e-game-engine-Bjornmalmgren\engine-lab-env-main\exts\enet\peer.c">
      <Filter>source</Filter>
    </ClCompile>
    <ClCompile Include="C:\Users\bjmall-3-local\Documents\GitHub\s0011e-game-engine-Bjornmalmgren\engine-lab-env-main\exts\enet\protocol.c">
      <Filter>source</Filter>
    </ClCompile>
    <ClCompile Include="C:\Users\bjmall-3-local\Documents\GitHub\s0011e-game-engine-Bjornmalmgren\engine-lab-env-main\exts\enet\unix.c">
      <Filter>source</Filter>
    </ClCompile>
    <ClCompile Include="C:\Users\bjmall-3-local\Documents\GitHub\s0011e-game-engine-Bjornmalmgren\engine-lab-env-main\exts\enet\win32.c">
      <Filter>source</Filter>
    </ClCompile>
  </ItemGroup>
  <ItemGroup>
    <ClInclude Include="C:\Users\bjmall-3-local\Documents\GitHub\s0011e-game-engine-Bjornmalmgren\engine-lab-env-main\exts\enet\include\enet\callbacks.h">
      <Filter>include</Filter>
    </ClInclude>
    <ClInclude Include="C:\Users\bjmall-3-local\Documents\GitHub\s0011e-game-engine-Bjornmalmgren\engine-lab-env-main\exts\enet\include\enet\enet.h">
      <Filter>include</Filter>
    </ClInclude>
    <ClInclude Include="C:\Users\bjmall-3-local\Documents\GitHub\s0011e-game-engine-Bjornmalmgren\engine-lab-env-main\exts\enet\include\enet\list.h">
      <Filter>include</Filter>
    </ClInclude>
    <ClInclude Include="C:\Users\bjmall-3-local\Documents\GitHub\s0011e-game-engine-Bjornmalmgren\engine-lab-env-main\exts\enet\include\enet\protocol.h">
      <Filter>include</Filter>
    </ClInclude>
    <ClInclude Include="C:\Users\bjmall-3-local\Documents\GitHub\s0011e-game-engine-Bjornmalmgren\engine-lab-env-main\exts\enet\include\enet\time.h">
      <Filter>include</Filter>
    </ClInclude>
    <ClInclude Include="C:\Users\bjmall-3-local\Documents\GitHub\s0011e-game-engine-Bjornmalmgren\engine-lab-env-main\exts\enet\include\enet\types.h">
      <Filter>include</Filter>
    </ClInclude>
    <ClInclude Include="C:\Users\bjmall-3-local\Documents\GitHub\s0011e-game-engine-Bjornmalmgren\engine-lab-env-main\exts\enet\include\enet\unix.h">
      <Filter>include</Filter>
    </ClInclude>
    <ClInclude Include="C:\Users\bjmall-3-local\Documents\GitHub\s0011e-game-engine-Bjornmalmgren\engine-lab-env-main\exts\enet\include\enet\utility.h">
      <Filter>include</Filter>
    </ClInclude>
    <ClInclude Include="C:\Users\bjmall-3-local\Documents\GitHub\s0011e-game-engine-Bjornmalmgren\engine-lab-env-main\exts\enet\include\enet\win32.h">
      <Filter>include</Filter>
    </ClInclude>
  </ItemGroup>
  <ItemGroup>
    <CustomBuild Include="C:\Users\bjmall-3-local\Documents\GitHub\s0011e-game-engine-Bjornmalmgren\engine-lab-env-main\exts\enet\CMakeLists.txt" />
  </ItemGroup>
  <ItemGroup>
    <Filter Include="include">
      <UniqueIdentifier>{61B7BF88-FF64-3C2C-B5B2-346DC139C5E9}</UniqueIdentifier>
    </Filter>
    <Filter Include="source">
      <UniqueIdentifier>{474D9713-ACD1-3A35-8854-F2526FED0473}</UniqueIdentifier>
    </Filter>
  </ItemGroup>
</Project>
