
Microsoft Visual Studio Solution File, Format Version 12.00
# Visual Studio Version 17
Project("{2150E333-8FDC-42A3-9474-1A3956D46DE8}") = "CMakePredefinedTargets", "CMakePredefinedTargets", "{94151985-6D4E-35FD-9F97-CA0BDE6F31A5}"
EndProject
Project("{2150E333-8FDC-42A3-9474-1A3956D46DE8}") = "engine", "engine", "{3AB522D1-BCF1-38EC-9FD4-25E426E0DA3B}"
EndProject
Project("{2150E333-8FDC-42A3-9474-1A3956D46DE8}") = "exts", "exts", "{09116CB7-821A-3AF9-929E-DEF2B2772810}"
EndProject
Project("{2150E333-8FDC-42A3-9474-1A3956D46DE8}") = "enet", "exts\enet", "{1E7E14C1-09BB-3CBE-98B9-6A84D024573A}"
EndProject
Project("{2150E333-8FDC-42A3-9474-1A3956D46DE8}") = "glew", "exts\glew", "{F57F6194-F4A8-365F-B322-27B0CB17CCC8}"
EndProject
Project("{2150E333-8FDC-42A3-9474-1A3956D46DE8}") = "glfw", "exts\glfw", "{7200D85A-C021-334F-AF80-A1C19F31E6DE}"
EndProject
Project("{2150E333-8FDC-42A3-9474-1A3956D46DE8}") = "glm", "exts\glm", "{91094476-AE0D-36FE-B8D0-46ECE32633FD}"
EndProject
Project("{2150E333-8FDC-42A3-9474-1A3956D46DE8}") = "imgui", "exts\imgui", "{4A4981E3-C59B-30B3-B196-8AEB50648B3E}"
EndProject
Project("{2150E333-8FDC-42A3-9474-1A3956D46DE8}") = "soloud", "exts\soloud", "{7E7CA5F8-4A30-33DD-B450-B4F1CAC20222}"
EndProject
Project("{8BC9CEB8-8B4A-11D0-8D11-00A0C91BC942}") = "ALL_BUILD", "ALL_BUILD.vcxproj", "{C1E91A87-86BB-34CA-B7B8-10DF57267095}"
	ProjectSection(ProjectDependencies) = postProject
		{00EB7C57-9C26-3E90-A4AA-68B182F4BA63} = {00EB7C57-9C26-3E90-A4AA-68B182F4BA63}
		{AB0E9AFD-E2A5-3903-9838-AB285D76BD5D} = {AB0E9AFD-E2A5-3903-9838-AB285D76BD5D}
		{34D9EC41-1A5E-3403-BA2E-7654A5976A43} = {34D9EC41-1A5E-3403-BA2E-7654A5976A43}
		{0773A7F7-D91A-3EB3-A4A9-D4E04B624C8D} = {0773A7F7-D91A-3EB3-A4A9-D4E04B624C8D}
		{2D923274-2D15-3863-9244-ECB5128A5C45} = {2D923274-2D15-3863-9244-ECB5128A5C45}
		{08FC7046-9422-3103-95D7-69290685364C} = {08FC7046-9422-3103-95D7-69290685364C}
		{21598A68-3286-3E41-B002-8F63B67539CB} = {21598A68-3286-3E41-B002-8F63B67539CB}
		{07DDADB7-CE1D-3444-B051-8668BC3E58E8} = {07DDADB7-CE1D-3444-B051-8668BC3E58E8}
		{C8264563-AF66-3B82-88FE-8B023AF90CAE} = {C8264563-AF66-3B82-88FE-8B023AF90CAE}
	EndProjectSection
EndProject
Project("{8BC9CEB8-8B4A-11D0-8D11-00A0C91BC942}") = "INSTALL", "INSTALL.vcxproj", "{94E76B28-881A-321E-AD41-9E5572B34D10}"
	ProjectSection(ProjectDependencies) = postProject
		{C1E91A87-86BB-34CA-B7B8-10DF57267095} = {C1E91A87-86BB-34CA-B7B8-10DF57267095}
		{00EB7C57-9C26-3E90-A4AA-68B182F4BA63} = {00EB7C57-9C26-3E90-A4AA-68B182F4BA63}
	EndProjectSection
EndProject
Project("{8BC9CEB8-8B4A-11D0-8D11-00A0C91BC942}") = "ZERO_CHECK", "ZERO_CHECK.vcxproj", "{00EB7C57-9C26-3E90-A4AA-68B182F4BA63}"
	ProjectSection(ProjectDependencies) = postProject
	EndProjectSection
EndProject
Project("{8BC9CEB8-8B4A-11D0-8D11-00A0C91BC942}") = "core", "engine\core\core.vcxproj", "{AB0E9AFD-E2A5-3903-9838-AB285D76BD5D}"
	ProjectSection(ProjectDependencies) = postProject
		{93D868E2-D9E7-33B6-8A27-9D5FC9488927} = {93D868E2-D9E7-33B6-8A27-9D5FC9488927}
	EndProjectSection
EndProject
Project("{8BC9CEB8-8B4A-11D0-8D11-00A0C91BC942}") = "enet", "exts\enet\enet.vcxproj", "{34D9EC41-1A5E-3403-BA2E-7654A5976A43}"
	ProjectSection(ProjectDependencies) = postProject
		{00EB7C57-9C26-3E90-A4AA-68B182F4BA63} = {00EB7C57-9C26-3E90-A4AA-68B182F4BA63}
	EndProjectSection
EndProject
Project("{8BC9CEB8-8B4A-11D0-8D11-00A0C91BC942}") = "glew", "exts\glew\glew.vcxproj", "{0773A7F7-D91A-3EB3-A4A9-D4E04B624C8D}"
	ProjectSection(ProjectDependencies) = postProject
		{00EB7C57-9C26-3E90-A4AA-68B182F4BA63} = {00EB7C57-9C26-3E90-A4AA-68B182F4BA63}
	EndProjectSection
EndProject
Project("{8BC9CEB8-8B4A-11D0-8D11-00A0C91BC942}") = "glfw", "exts\glfw\src\glfw.vcxproj", "{2D923274-2D15-3863-9244-ECB5128A5C45}"
	ProjectSection(ProjectDependencies) = postProject
		{00EB7C57-9C26-3E90-A4AA-68B182F4BA63} = {00EB7C57-9C26-3E90-A4AA-68B182F4BA63}
	EndProjectSection
EndProject
Project("{8BC9CEB8-8B4A-11D0-8D11-00A0C91BC942}") = "glm_static", "exts\glm\glm_static.vcxproj", "{08FC7046-9422-3103-95D7-69290685364C}"
	ProjectSection(ProjectDependencies) = postProject
		{00EB7C57-9C26-3E90-A4AA-68B182F4BA63} = {00EB7C57-9C26-3E90-A4AA-68B182F4BA63}
	EndProjectSection
EndProject
Project("{8BC9CEB8-8B4A-11D0-8D11-00A0C91BC942}") = "imgui", "exts\imgui.vcxproj", "{21598A68-3286-3E41-B002-8F63B67539CB}"
	ProjectSection(ProjectDependencies) = postProject
		{00EB7C57-9C26-3E90-A4AA-68B182F4BA63} = {00EB7C57-9C26-3E90-A4AA-68B182F4BA63}
	EndProjectSection
EndProject
Project("{8BC9CEB8-8B4A-11D0-8D11-00A0C91BC942}") = "render", "engine\render\render.vcxproj", "{93D868E2-D9E7-33B6-8A27-9D5FC9488927}"
	ProjectSection(ProjectDependencies) = postProject
		{00EB7C57-9C26-3E90-A4AA-68B182F4BA63} = {00EB7C57-9C26-3E90-A4AA-68B182F4BA63}
		{34D9EC41-1A5E-3403-BA2E-7654A5976A43} = {34D9EC41-1A5E-3403-BA2E-7654A5976A43}
		{0773A7F7-D91A-3EB3-A4A9-D4E04B624C8D} = {0773A7F7-D91A-3EB3-A4A9-D4E04B624C8D}
		{2D923274-2D15-3863-9244-ECB5128A5C45} = {2D923274-2D15-3863-9244-ECB5128A5C45}
		{08FC7046-9422-3103-95D7-69290685364C} = {08FC7046-9422-3103-95D7-69290685364C}
		{21598A68-3286-3E41-B002-8F63B67539CB} = {21598A68-3286-3E41-B002-8F63B67539CB}
		{07DDADB7-CE1D-3444-B051-8668BC3E58E8} = {07DDADB7-CE1D-3444-B051-8668BC3E58E8}
	EndProjectSection
EndProject
Project("{8BC9CEB8-8B4A-11D0-8D11-00A0C91BC942}") = "soloud", "exts\soloud\contrib\soloud.vcxproj", "{07DDADB7-CE1D-3444-B051-8668BC3E58E8}"
	ProjectSection(ProjectDependencies) = postProject
		{00EB7C57-9C26-3E90-A4AA-68B182F4BA63} = {00EB7C57-9C26-3E90-A4AA-68B182F4BA63}
	EndProjectSection
EndProject
Project("{8BC9CEB8-8B4A-11D0-8D11-00A0C91BC942}") = "spacegame", "projects\spacegame\spacegame.vcxproj", "{C8264563-AF66-3B82-88FE-8B023AF90CAE}"
	ProjectSection(ProjectDependencies) = postProject
		{00EB7C57-9C26-3E90-A4AA-68B182F4BA63} = {00EB7C57-9C26-3E90-A4AA-68B182F4BA63}
		{AB0E9AFD-E2A5-3903-9838-AB285D76BD5D} = {AB0E9AFD-E2A5-3903-9838-AB285D76BD5D}
		{34D9EC41-1A5E-3403-BA2E-7654A5976A43} = {34D9EC41-1A5E-3403-BA2E-7654A5976A43}
		{0773A7F7-D91A-3EB3-A4A9-D4E04B624C8D} = {0773A7F7-D91A-3EB3-A4A9-D4E04B624C8D}
		{2D923274-2D15-3863-9244-ECB5128A5C45} = {2D923274-2D15-3863-9244-ECB5128A5C45}
		{08FC7046-9422-3103-95D7-69290685364C} = {08FC7046-9422-3103-95D7-69290685364C}
		{21598A68-3286-3E41-B002-8F63B67539CB} = {21598A68-3286-3E41-B002-8F63B67539CB}
		{07DDADB7-CE1D-3444-B051-8668BC3E58E8} = {07DDADB7-CE1D-3444-B051-8668BC3E58E8}
	EndProjectSection
EndProject
Global
	GlobalSection(SolutionConfigurationPlatforms) = preSolution
		Debug|x64 = Debug|x64
		Release|x64 = Release|x64
		MinSizeRel|x64 = MinSizeRel|x64
		RelWithDebInfo|x64 = RelWithDebInfo|x64
	EndGlobalSection
	GlobalSection(ProjectConfigurationPlatforms) = postSolution
		{C1E91A87-86BB-34CA-B7B8-10DF57267095}.Debug|x64.ActiveCfg = Debug|x64
		{C1E91A87-86BB-34CA-B7B8-10DF57267095}.Debug|x64.Build.0 = Debug|x64
		{C1E91A87-86BB-34CA-B7B8-10DF57267095}.Release|x64.ActiveCfg = Release|x64
		{C1E91A87-86BB-34CA-B7B8-10DF57267095}.Release|x64.Build.0 = Release|x64
		{C1E91A87-86BB-34CA-B7B8-10DF57267095}.MinSizeRel|x64.ActiveCfg = MinSizeRel|x64
		{C1E91A87-86BB-34CA-B7B8-10DF57267095}.MinSizeRel|x64.Build.0 = MinSizeRel|x64
		{C1E91A87-86BB-34CA-B7B8-10DF57267095}.RelWithDebInfo|x64.ActiveCfg = RelWithDebInfo|x64
		{C1E91A87-86BB-34CA-B7B8-10DF57267095}.RelWithDebInfo|x64.Build.0 = RelWithDebInfo|x64
		{94E76B28-881A-321E-AD41-9E5572B34D10}.Debug|x64.ActiveCfg = Debug|x64
		{94E76B28-881A-321E-AD41-9E5572B34D10}.Release|x64.ActiveCfg = Release|x64
		{94E76B28-881A-321E-AD41-9E5572B34D10}.MinSizeRel|x64.ActiveCfg = MinSizeRel|x64
		{94E76B28-881A-321E-AD41-9E5572B34D10}.RelWithDebInfo|x64.ActiveCfg = RelWithDebInfo|x64
		{00EB7C57-9C26-3E90-A4AA-68B182F4BA63}.Debug|x64.ActiveCfg = Debug|x64
		{00EB7C57-9C26-3E90-A4AA-68B182F4BA63}.Debug|x64.Build.0 = Debug|x64
		{00EB7C57-9C26-3E90-A4AA-68B182F4BA63}.Release|x64.ActiveCfg = Release|x64
		{00EB7C57-9C26-3E90-A4AA-68B182F4BA63}.Release|x64.Build.0 = Release|x64
		{00EB7C57-9C26-3E90-A4AA-68B182F4BA63}.MinSizeRel|x64.ActiveCfg = MinSizeRel|x64
		{00EB7C57-9C26-3E90-A4AA-68B182F4BA63}.MinSizeRel|x64.Build.0 = MinSizeRel|x64
		{00EB7C57-9C26-3E90-A4AA-68B182F4BA63}.RelWithDebInfo|x64.ActiveCfg = RelWithDebInfo|x64
		{00EB7C57-9C26-3E90-A4AA-68B182F4BA63}.RelWithDebInfo|x64.Build.0 = RelWithDebInfo|x64
		{AB0E9AFD-E2A5-3903-9838-AB285D76BD5D}.Debug|x64.ActiveCfg = Debug|x64
		{AB0E9AFD-E2A5-3903-9838-AB285D76BD5D}.Debug|x64.Build.0 = Debug|x64
		{AB0E9AFD-E2A5-3903-9838-AB285D76BD5D}.Release|x64.ActiveCfg = Release|x64
		{AB0E9AFD-E2A5-3903-9838-AB285D76BD5D}.Release|x64.Build.0 = Release|x64
		{AB0E9AFD-E2A5-3903-9838-AB285D76BD5D}.MinSizeRel|x64.ActiveCfg = MinSizeRel|x64
		{AB0E9AFD-E2A5-3903-9838-AB285D76BD5D}.MinSizeRel|x64.Build.0 = MinSizeRel|x64
		{AB0E9AFD-E2A5-3903-9838-AB285D76BD5D}.RelWithDebInfo|x64.ActiveCfg = RelWithDebInfo|x64
		{AB0E9AFD-E2A5-3903-9838-AB285D76BD5D}.RelWithDebInfo|x64.Build.0 = RelWithDebInfo|x64
		{34D9EC41-1A5E-3403-BA2E-7654A5976A43}.Debug|x64.ActiveCfg = Debug|x64
		{34D9EC41-1A5E-3403-BA2E-7654A5976A43}.Debug|x64.Build.0 = Debug|x64
		{34D9EC41-1A5E-3403-BA2E-7654A5976A43}.Release|x64.ActiveCfg = Release|x64
		{34D9EC41-1A5E-3403-BA2E-7654A5976A43}.Release|x64.Build.0 = Release|x64
		{34D9EC41-1A5E-3403-BA2E-7654A5976A43}.MinSizeRel|x64.ActiveCfg = MinSizeRel|x64
		{34D9EC41-1A5E-3403-BA2E-7654A5976A43}.MinSizeRel|x64.Build.0 = MinSizeRel|x64
		{34D9EC41-1A5E-3403-BA2E-7654A5976A43}.RelWithDebInfo|x64.ActiveCfg = RelWithDebInfo|x64
		{34D9EC41-1A5E-3403-BA2E-7654A5976A43}.RelWithDebInfo|x64.Build.0 = RelWithDebInfo|x64
		{0773A7F7-D91A-3EB3-A4A9-D4E04B624C8D}.Debug|x64.ActiveCfg = Debug|x64
		{0773A7F7-D91A-3EB3-A4A9-D4E04B624C8D}.Debug|x64.Build.0 = Debug|x64
		{0773A7F7-D91A-3EB3-A4A9-D4E04B624C8D}.Release|x64.ActiveCfg = Release|x64
		{0773A7F7-D91A-3EB3-A4A9-D4E04B624C8D}.Release|x64.Build.0 = Release|x64
		{0773A7F7-D91A-3EB3-A4A9-D4E04B624C8D}.MinSizeRel|x64.ActiveCfg = MinSizeRel|x64
		{0773A7F7-D91A-3EB3-A4A9-D4E04B624C8D}.MinSizeRel|x64.Build.0 = MinSizeRel|x64
		{0773A7F7-D91A-3EB3-A4A9-D4E04B624C8D}.RelWithDebInfo|x64.ActiveCfg = RelWithDebInfo|x64
		{0773A7F7-D91A-3EB3-A4A9-D4E04B624C8D}.RelWithDebInfo|x64.Build.0 = RelWithDebInfo|x64
		{2D923274-2D15-3863-9244-ECB5128A5C45}.Debug|x64.ActiveCfg = Debug|x64
		{2D923274-2D15-3863-9244-ECB5128A5C45}.Debug|x64.Build.0 = Debug|x64
		{2D923274-2D15-3863-9244-ECB5128A5C45}.Release|x64.ActiveCfg = Release|x64
		{2D923274-2D15-3863-9244-ECB5128A5C45}.Release|x64.Build.0 = Release|x64
		{2D923274-2D15-3863-9244-ECB5128A5C45}.MinSizeRel|x64.ActiveCfg = MinSizeRel|x64
		{2D923274-2D15-3863-9244-ECB5128A5C45}.MinSizeRel|x64.Build.0 = MinSizeRel|x64
		{2D923274-2D15-3863-9244-ECB5128A5C45}.RelWithDebInfo|x64.ActiveCfg = RelWithDebInfo|x64
		{2D923274-2D15-3863-9244-ECB5128A5C45}.RelWithDebInfo|x64.Build.0 = RelWithDebInfo|x64
		{08FC7046-9422-3103-95D7-69290685364C}.Debug|x64.ActiveCfg = Debug|x64
		{08FC7046-9422-3103-95D7-69290685364C}.Debug|x64.Build.0 = Debug|x64
		{08FC7046-9422-3103-95D7-69290685364C}.Release|x64.ActiveCfg = Release|x64
		{08FC7046-9422-3103-95D7-69290685364C}.Release|x64.Build.0 = Release|x64
		{08FC7046-9422-3103-95D7-69290685364C}.MinSizeRel|x64.ActiveCfg = MinSizeRel|x64
		{08FC7046-9422-3103-95D7-69290685364C}.MinSizeRel|x64.Build.0 = MinSizeRel|x64
		{08FC7046-9422-3103-95D7-69290685364C}.RelWithDebInfo|x64.ActiveCfg = RelWithDebInfo|x64
		{08FC7046-9422-3103-95D7-69290685364C}.RelWithDebInfo|x64.Build.0 = RelWithDebInfo|x64
		{21598A68-3286-3E41-B002-8F63B67539CB}.Debug|x64.ActiveCfg = Debug|x64
		{21598A68-3286-3E41-B002-8F63B67539CB}.Debug|x64.Build.0 = Debug|x64
		{21598A68-3286-3E41-B002-8F63B67539CB}.Release|x64.ActiveCfg = Release|x64
		{21598A68-3286-3E41-B002-8F63B67539CB}.Release|x64.Build.0 = Release|x64
		{21598A68-3286-3E41-B002-8F63B67539CB}.MinSizeRel|x64.ActiveCfg = MinSizeRel|x64
		{21598A68-3286-3E41-B002-8F63B67539CB}.MinSizeRel|x64.Build.0 = MinSizeRel|x64
		{21598A68-3286-3E41-B002-8F63B67539CB}.RelWithDebInfo|x64.ActiveCfg = RelWithDebInfo|x64
		{21598A68-3286-3E41-B002-8F63B67539CB}.RelWithDebInfo|x64.Build.0 = RelWithDebInfo|x64
		{93D868E2-D9E7-33B6-8A27-9D5FC9488927}.Debug|x64.ActiveCfg = Debug|x64
		{93D868E2-D9E7-33B6-8A27-9D5FC9488927}.Debug|x64.Build.0 = Debug|x64
		{93D868E2-D9E7-33B6-8A27-9D5FC9488927}.Release|x64.ActiveCfg = Release|x64
		{93D868E2-D9E7-33B6-8A27-9D5FC9488927}.Release|x64.Build.0 = Release|x64
		{93D868E2-D9E7-33B6-8A27-9D5FC9488927}.MinSizeRel|x64.ActiveCfg = MinSizeRel|x64
		{93D868E2-D9E7-33B6-8A27-9D5FC9488927}.MinSizeRel|x64.Build.0 = MinSizeRel|x64
		{93D868E2-D9E7-33B6-8A27-9D5FC9488927}.RelWithDebInfo|x64.ActiveCfg = RelWithDebInfo|x64
		{93D868E2-D9E7-33B6-8A27-9D5FC9488927}.RelWithDebInfo|x64.Build.0 = RelWithDebInfo|x64
		{07DDADB7-CE1D-3444-B051-8668BC3E58E8}.Debug|x64.ActiveCfg = Debug|x64
		{07DDADB7-CE1D-3444-B051-8668BC3E58E8}.Debug|x64.Build.0 = Debug|x64
		{07DDADB7-CE1D-3444-B051-8668BC3E58E8}.Release|x64.ActiveCfg = Release|x64
		{07DDADB7-CE1D-3444-B051-8668BC3E58E8}.Release|x64.Build.0 = Release|x64
		{07DDADB7-CE1D-3444-B051-8668BC3E58E8}.MinSizeRel|x64.ActiveCfg = MinSizeRel|x64
		{07DDADB7-CE1D-3444-B051-8668BC3E58E8}.MinSizeRel|x64.Build.0 = MinSizeRel|x64
		{07DDADB7-CE1D-3444-B051-8668BC3E58E8}.RelWithDebInfo|x64.ActiveCfg = RelWithDebInfo|x64
		{07DDADB7-CE1D-3444-B051-8668BC3E58E8}.RelWithDebInfo|x64.Build.0 = RelWithDebInfo|x64
		{C8264563-AF66-3B82-88FE-8B023AF90CAE}.Debug|x64.ActiveCfg = Debug|x64
		{C8264563-AF66-3B82-88FE-8B023AF90CAE}.Debug|x64.Build.0 = Debug|x64
		{C8264563-AF66-3B82-88FE-8B023AF90CAE}.Release|x64.ActiveCfg = Release|x64
		{C8264563-AF66-3B82-88FE-8B023AF90CAE}.Release|x64.Build.0 = Release|x64
		{C8264563-AF66-3B82-88FE-8B023AF90CAE}.MinSizeRel|x64.ActiveCfg = MinSizeRel|x64
		{C8264563-AF66-3B82-88FE-8B023AF90CAE}.MinSizeRel|x64.Build.0 = MinSizeRel|x64
		{C8264563-AF66-3B82-88FE-8B023AF90CAE}.RelWithDebInfo|x64.ActiveCfg = RelWithDebInfo|x64
		{C8264563-AF66-3B82-88FE-8B023AF90CAE}.RelWithDebInfo|x64.Build.0 = RelWithDebInfo|x64
	EndGlobalSection
	GlobalSection(NestedProjects) = preSolution
		{C1E91A87-86BB-34CA-B7B8-10DF57267095} = {94151985-6D4E-35FD-9F97-CA0BDE6F31A5}
		{94E76B28-881A-321E-AD41-9E5572B34D10} = {94151985-6D4E-35FD-9F97-CA0BDE6F31A5}
		{00EB7C57-9C26-3E90-A4AA-68B182F4BA63} = {94151985-6D4E-35FD-9F97-CA0BDE6F31A5}
		{AB0E9AFD-E2A5-3903-9838-AB285D76BD5D} = {3AB522D1-BCF1-38EC-9FD4-25E426E0DA3B}
		{93D868E2-D9E7-33B6-8A27-9D5FC9488927} = {3AB522D1-BCF1-38EC-9FD4-25E426E0DA3B}
		{1E7E14C1-09BB-3CBE-98B9-6A84D024573A} = {09116CB7-821A-3AF9-929E-DEF2B2772810}
		{F57F6194-F4A8-365F-B322-27B0CB17CCC8} = {09116CB7-821A-3AF9-929E-DEF2B2772810}
		{7200D85A-C021-334F-AF80-A1C19F31E6DE} = {09116CB7-821A-3AF9-929E-DEF2B2772810}
		{91094476-AE0D-36FE-B8D0-46ECE32633FD} = {09116CB7-821A-3AF9-929E-DEF2B2772810}
		{4A4981E3-C59B-30B3-B196-8AEB50648B3E} = {09116CB7-821A-3AF9-929E-DEF2B2772810}
		{7E7CA5F8-4A30-33DD-B450-B4F1CAC20222} = {09116CB7-821A-3AF9-929E-DEF2B2772810}
		{34D9EC41-1A5E-3403-BA2E-7654A5976A43} = {1E7E14C1-09BB-3CBE-98B9-6A84D024573A}
		{0773A7F7-D91A-3EB3-A4A9-D4E04B624C8D} = {F57F6194-F4A8-365F-B322-27B0CB17CCC8}
		{2D923274-2D15-3863-9244-ECB5128A5C45} = {7200D85A-C021-334F-AF80-A1C19F31E6DE}
		{08FC7046-9422-3103-95D7-69290685364C} = {91094476-AE0D-36FE-B8D0-46ECE32633FD}
		{21598A68-3286-3E41-B002-8F63B67539CB} = {4A4981E3-C59B-30B3-B196-8AEB50648B3E}
		{07DDADB7-CE1D-3444-B051-8668BC3E58E8} = {7E7CA5F8-4A30-33DD-B450-B4F1CAC20222}
	EndGlobalSection
	GlobalSection(ExtensibilityGlobals) = postSolution
		SolutionGuid = {E1DB5DD8-3713-3329-A888-DA7545B34487}
	EndGlobalSection
	GlobalSection(ExtensibilityAddIns) = postSolution
	EndGlobalSection
EndGlobal
