<?xml version="1.0" encoding="utf-8"?>
<Project ToolsVersion="17.0" xmlns="http://schemas.microsoft.com/developer/msbuild/2003">
  <ItemGroup>
    <ClCompile Include="C:\Users\bjmall-3-local\Documents\GitHub\s0011eAssigment5\engine-lab-env-main\engine\render\window.cc">
      <Filter>display</Filter>
    </ClCompile>
    <ClCompile Include="C:\Users\bjmall-3-local\Documents\GitHub\s0011eAssigment5\engine-lab-env-main\engine\render\model.cc">
      <Filter>render</Filter>
    </ClCompile>
    <ClCompile Include="C:\Users\bjmall-3-local\Documents\GitHub\s0011eAssigment5\engine-lab-env-main\engine\render\renderdevice.cc">
      <Filter>render</Filter>
    </ClCompile>
    <ClCompile Include="C:\Users\bjmall-3-local\Documents\GitHub\s0011eAssigment5\engine-lab-env-main\engine\render\shaderresource.cc">
      <Filter>render</Filter>
    </ClCompile>
    <ClCompile Include="C:\Users\bjmall-3-local\Documents\GitHub\s0011eAssigment5\engine-lab-env-main\engine\render\textureresource.cc">
      <Filter>render</Filter>
    </ClCompile>
    <ClCompile Include="C:\Users\bjmall-3-local\Documents\GitHub\s0011eAssigment5\engine-lab-env-main\engine\render\lightserver.cc">
      <Filter>render</Filter>
    </ClCompile>
    <ClCompile Include="C:\Users\bjmall-3-local\Documents\GitHub\s0011eAssigment5\engine-lab-env-main\engine\render\cameramanager.cc">
      <Filter>render</Filter>
    </ClCompile>
    <ClCompile Include="C:\Users\bjmall-3-local\Documents\GitHub\s0011eAssigment5\engine-lab-env-main\engine\render\debugrender.cc">
      <Filter>render</Filter>
    </ClCompile>
    <ClCompile Include="C:\Users\bjmall-3-local\Documents\GitHub\s0011eAssigment5\engine-lab-env-main\engine\render\grid.cc">
      <Filter>render</Filter>
    </ClCompile>
    <ClCompile Include="C:\Users\bjmall-3-local\Documents\GitHub\s0011eAssigment5\engine-lab-env-main\engine\render\physics.cc">
      <Filter>render</Filter>
    </ClCompile>
    <ClCompile Include="C:\Users\bjmall-3-local\Documents\GitHub\s0011eAssigment5\engine-lab-env-main\engine\render\particlesystem.cc">
      <Filter>render</Filter>
    </ClCompile>
    <ClCompile Include="C:\Users\bjmall-3-local\Documents\GitHub\s0011eAssigment5\engine-lab-env-main\engine\render\CameraComponent.cpp">
      <Filter>render</Filter>
    </ClCompile>
    <ClCompile Include="C:\Users\bjmall-3-local\Documents\GitHub\s0011eAssigment5\engine-lab-env-main\engine\render\CollisionMesh.cpp">
      <Filter>render</Filter>
    </ClCompile>
    <ClCompile Include="C:\Users\bjmall-3-local\Documents\GitHub\s0011eAssigment5\engine-lab-env-main\engine\render\ContinuesMovement.cpp">
      <Filter>render</Filter>
    </ClCompile>
    <ClCompile Include="C:\Users\bjmall-3-local\Documents\GitHub\s0011eAssigment5\engine-lab-env-main\engine\render\ParticleComponent.cpp">
      <Filter>render</Filter>
    </ClCompile>
    <ClCompile Include="C:\Users\bjmall-3-local\Documents\GitHub\s0011eAssigment5\engine-lab-env-main\engine\render\Renderable.cpp">
      <Filter>render</Filter>
    </ClCompile>
    <ClCompile Include="C:\Users\bjmall-3-local\Documents\GitHub\s0011eAssigment5\engine-lab-env-main\engine\render\Node.cpp">
      <Filter>render</Filter>
    </ClCompile>
    <ClCompile Include="C:\Users\bjmall-3-local\Documents\GitHub\s0011eAssigment5\engine-lab-env-main\engine\render\NodeManager.cpp">
      <Filter>render</Filter>
    </ClCompile>
    <ClCompile Include="C:\Users\bjmall-3-local\Documents\GitHub\s0011eAssigment5\engine-lab-env-main\engine\render\input\gamepad.cc">
      <Filter>input</Filter>
    </ClCompile>
    <ClCompile Include="C:\Users\bjmall-3-local\Documents\GitHub\s0011eAssigment5\engine-lab-env-main\engine\render\input\inputserver.cc">
      <Filter>input</Filter>
    </ClCompile>
    <ClCompile Include="C:\Users\bjmall-3-local\Documents\GitHub\s0011eAssigment5\engine-lab-env-main\engine\render\input\key.cc">
      <Filter>input</Filter>
    </ClCompile>
    <ClCompile Include="C:\Users\bjmall-3-local\Documents\GitHub\s0011eAssigment5\engine-lab-env-main\engine\config.cc">
      <Filter>pch</Filter>
    </ClCompile>
    <ClCompile Include="RayCastComponent.cpp">
      <Filter>render</Filter>
    </ClCompile>
  </ItemGroup>
  <ItemGroup>
    <ClInclude Include="C:\Users\bjmall-3-local\Documents\GitHub\s0011eAssigment5\engine-lab-env-main\engine\render\window.h">
      <Filter>display</Filter>
    </ClInclude>
    <ClInclude Include="C:\Users\bjmall-3-local\Documents\GitHub\s0011eAssigment5\engine-lab-env-main\engine\render\model.h">
      <Filter>render</Filter>
    </ClInclude>
    <ClInclude Include="C:\Users\bjmall-3-local\Documents\GitHub\s0011eAssigment5\engine-lab-env-main\engine\render\renderdevice.h">
      <Filter>render</Filter>
    </ClInclude>
    <ClInclude Include="C:\Users\bjmall-3-local\Documents\GitHub\s0011eAssigment5\engine-lab-env-main\engine\render\shaderresource.h">
      <Filter>render</Filter>
    </ClInclude>
    <ClInclude Include="C:\Users\bjmall-3-local\Documents\GitHub\s0011eAssigment5\engine-lab-env-main\engine\render\textureresource.h">
      <Filter>render</Filter>
    </ClInclude>
    <ClInclude Include="C:\Users\bjmall-3-local\Documents\GitHub\s0011eAssigment5\engine-lab-env-main\engine\render\lightserver.h">
      <Filter>render</Filter>
    </ClInclude>
    <ClInclude Include="C:\Users\bjmall-3-local\Documents\GitHub\s0011eAssigment5\engine-lab-env-main\engine\render\cameramanager.h">
      <Filter>render</Filter>
    </ClInclude>
    <ClInclude Include="C:\Users\bjmall-3-local\Documents\GitHub\s0011eAssigment5\engine-lab-env-main\engine\render\debugrender.h">
      <Filter>render</Filter>
    </ClInclude>
    <ClInclude Include="C:\Users\bjmall-3-local\Documents\GitHub\s0011eAssigment5\engine-lab-env-main\engine\render\grid.h">
      <Filter>render</Filter>
    </ClInclude>
    <ClInclude Include="C:\Users\bjmall-3-local\Documents\GitHub\s0011eAssigment5\engine-lab-env-main\engine\render\lightsources.h">
      <Filter>render</Filter>
    </ClInclude>
    <ClInclude Include="C:\Users\bjmall-3-local\Documents\GitHub\s0011eAssigment5\engine-lab-env-main\engine\render\physics.h">
      <Filter>render</Filter>
    </ClInclude>
    <ClInclude Include="C:\Users\bjmall-3-local\Documents\GitHub\s0011eAssigment5\engine-lab-env-main\engine\render\resourceid.h">
      <Filter>render</Filter>
    </ClInclude>
    <ClInclude Include="C:\Users\bjmall-3-local\Documents\GitHub\s0011eAssigment5\engine-lab-env-main\engine\render\particlesystem.h">
      <Filter>render</Filter>
    </ClInclude>
    <ClInclude Include="C:\Users\bjmall-3-local\Documents\GitHub\s0011eAssigment5\engine-lab-env-main\engine\render\CameraComponent.h">
      <Filter>render</Filter>
    </ClInclude>
    <ClInclude Include="C:\Users\bjmall-3-local\Documents\GitHub\s0011eAssigment5\engine-lab-env-main\engine\render\CollisionMesh.h">
      <Filter>render</Filter>
    </ClInclude>
    <ClInclude Include="C:\Users\bjmall-3-local\Documents\GitHub\s0011eAssigment5\engine-lab-env-main\engine\render\ContinuesMovement.h">
      <Filter>render</Filter>
    </ClInclude>
    <ClInclude Include="C:\Users\bjmall-3-local\Documents\GitHub\s0011eAssigment5\engine-lab-env-main\engine\render\ParticleComponent.h">
      <Filter>render</Filter>
    </ClInclude>
    <ClInclude Include="C:\Users\bjmall-3-local\Documents\GitHub\s0011eAssigment5\engine-lab-env-main\engine\render\Renderable.h">
      <Filter>render</Filter>
    </ClInclude>
    <ClInclude Include="C:\Users\bjmall-3-local\Documents\GitHub\s0011eAssigment5\engine-lab-env-main\engine\render\Node.h">
      <Filter>render</Filter>
    </ClInclude>
    <ClInclude Include="C:\Users\bjmall-3-local\Documents\GitHub\s0011eAssigment5\engine-lab-env-main\engine\render\NodeManager.h">
      <Filter>render</Filter>
    </ClInclude>
    <ClInclude Include="C:\Users\bjmall-3-local\Documents\GitHub\s0011eAssigment5\engine-lab-env-main\engine\render\stb_image.h">
      <Filter>render</Filter>
    </ClInclude>
    <ClInclude Include="C:\Users\bjmall-3-local\Documents\GitHub\s0011eAssigment5\engine-lab-env-main\engine\render\stb_image_write.h">
      <Filter>render</Filter>
    </ClInclude>
    <ClInclude Include="C:\Users\bjmall-3-local\Documents\GitHub\s0011eAssigment5\engine-lab-env-main\engine\render\json.hpp">
      <Filter>render</Filter>
    </ClInclude>
    <ClInclude Include="C:\Users\bjmall-3-local\Documents\GitHub\s0011eAssigment5\engine-lab-env-main\engine\render\gltf.h">
      <Filter>render</Filter>
    </ClInclude>
    <ClInclude Include="C:\Users\bjmall-3-local\Documents\GitHub\s0011eAssigment5\engine-lab-env-main\engine\render\input\gamepad.h">
      <Filter>input</Filter>
    </ClInclude>
    <ClInclude Include="C:\Users\bjmall-3-local\Documents\GitHub\s0011eAssigment5\engine-lab-env-main\engine\render\input\inputserver.h">
      <Filter>input</Filter>
    </ClInclude>
    <ClInclude Include="C:\Users\bjmall-3-local\Documents\GitHub\s0011eAssigment5\engine-lab-env-main\engine\render\input\key.h">
      <Filter>input</Filter>
    </ClInclude>
    <ClInclude Include="C:\Users\bjmall-3-local\Documents\GitHub\s0011eAssigment5\engine-lab-env-main\engine\render\input\keyboard.h">
      <Filter>input</Filter>
    </ClInclude>
    <ClInclude Include="C:\Users\bjmall-3-local\Documents\GitHub\s0011eAssigment5\engine-lab-env-main\engine\render\input\mouse.h">
      <Filter>input</Filter>
    </ClInclude>
    <ClInclude Include="C:\Users\bjmall-3-local\Documents\GitHub\s0011eAssigment5\engine-lab-env-main\engine\config.h">
      <Filter>pch</Filter>
    </ClInclude>
    <ClInclude Include="RayCastComponent.h">
      <Filter>render</Filter>
    </ClInclude>
  </ItemGroup>
  <ItemGroup>
    <CustomBuild Include="C:\Users\bjmall-3-local\Documents\GitHub\s0011eAssigment5\engine-lab-env-main\engine\render\CMakeLists.txt" />
  </ItemGroup>
  <ItemGroup>
    <Filter Include="display">
      <UniqueIdentifier>{3F84ACFF-56DA-3E3F-8D90-56A8536FD04B}</UniqueIdentifier>
    </Filter>
    <Filter Include="input">
      <UniqueIdentifier>{E23653BB-0B42-37BD-B0FC-B0D24FD58657}</UniqueIdentifier>
    </Filter>
    <Filter Include="pch">
      <UniqueIdentifier>{D6001D7E-1809-3825-A92B-D8DFDE06F927}</UniqueIdentifier>
    </Filter>
    <Filter Include="render">
      <UniqueIdentifier>{93CA0006-90B7-343D-9DFF-D2C1AD1680C0}</UniqueIdentifier>
    </Filter>
  </ItemGroup>
</Project>