<?xml version="1.0" encoding="utf-8"?>
<Project ToolsVersion="17.0" xmlns="http://schemas.microsoft.com/developer/msbuild/2003">
  <ItemGroup>
    <CustomBuild Include="C:\Users\bjmall-3-local\Documents\GitHub\s0011eAssigment5\engine-lab-env-main\CMakeFiles\58d4ffcf2e3a9b44365780705b3153e3\INSTALL_force.rule">
      <Filter>CMake Rules</Filter>
    </CustomBuild>
  </ItemGroup>
  <ItemGroup>
    <Filter Include="CMake Rules">
      <UniqueIdentifier>{95E0BEBE-F526-3B05-A1DA-5E9B3796F9A9}</UniqueIdentifier>
    </Filter>
  </ItemGroup>
</Project>
